// !$*UTF8*$!
{
	archiveVersion = 1;
	classes = {
	};
	objectVersion = 56;
	objects = {

/* Begin PBXBuildFile section */
		1014A0B32A6E604D00CE8170 /* CommunityMainView.swift in Sources */ = {isa = PBXBuildFile; fileRef = 1014A0B22A6E604D00CE8170 /* CommunityMainView.swift */; };
		1014A0B52A6E61C500CE8170 /* CommunityViewController.swift in Sources */ = {isa = PBXBuildFile; fileRef = 1014A0B42A6E61C500CE8170 /* CommunityViewController.swift */; };
		1017E2F12A9B312800254EFD /* BestDentistModel.swift in Sources */ = {isa = PBXBuildFile; fileRef = 1017E2F02A9B312800254EFD /* BestDentistModel.swift */; };
		1017E2FA2A9C777D00254EFD /* CombineMoya in Frameworks */ = {isa = PBXBuildFile; productRef = 1017E2F92A9C777D00254EFD /* CombineMoya */; };
		1017E2FC2A9C777D00254EFD /* Moya in Frameworks */ = {isa = PBXBuildFile; productRef = 1017E2FB2A9C777D00254EFD /* Moya */; };
		1017E2FE2A9C777D00254EFD /* ReactiveMoya in Frameworks */ = {isa = PBXBuildFile; productRef = 1017E2FD2A9C777D00254EFD /* ReactiveMoya */; };
		1017E3002A9C777D00254EFD /* RxMoya in Frameworks */ = {isa = PBXBuildFile; productRef = 1017E2FF2A9C777D00254EFD /* RxMoya */; };
		1017E3022A9C77BA00254EFD /* APIManager.swift in Sources */ = {isa = PBXBuildFile; fileRef = 1017E3012A9C77BA00254EFD /* APIManager.swift */; };
		1017E3042A9C794B00254EFD /* BestDentistViewModel.swift in Sources */ = {isa = PBXBuildFile; fileRef = 1017E3032A9C794B00254EFD /* BestDentistViewModel.swift */; };
		102166532A69492A00DC6351 /* CommunityData.swift in Sources */ = {isa = PBXBuildFile; fileRef = 102166522A69492A00DC6351 /* CommunityData.swift */; };
		102166552A6949ED00DC6351 /* CommunityTableViewCell.swift in Sources */ = {isa = PBXBuildFile; fileRef = 102166542A6949ED00DC6351 /* CommunityTableViewCell.swift */; };
		1026BF412A59A8F000955799 /* TabBarController.swift in Sources */ = {isa = PBXBuildFile; fileRef = 1026BF402A59A8F000955799 /* TabBarController.swift */; };
		1026BF432A5A94E600955799 /* Home.storyboard in Resources */ = {isa = PBXBuildFile; fileRef = 1026BF422A5A94E600955799 /* Home.storyboard */; };
		1026BF472A5A98CB00955799 /* Info.storyboard in Resources */ = {isa = PBXBuildFile; fileRef = 1026BF462A5A98CB00955799 /* Info.storyboard */; };
		1026BF492A5A998600955799 /* Community.storyboard in Resources */ = {isa = PBXBuildFile; fileRef = 1026BF482A5A998600955799 /* Community.storyboard */; };
		1026BF4B2A5A9D6400955799 /* Mypage.storyboard in Resources */ = {isa = PBXBuildFile; fileRef = 1026BF4A2A5A9D6400955799 /* Mypage.storyboard */; };
		1026BF4D2A5AA5C700955799 /* HomeViewController.swift in Sources */ = {isa = PBXBuildFile; fileRef = 1026BF4C2A5AA5C700955799 /* HomeViewController.swift */; };
		1026BF4F2A5AAC4700955799 /* HomeNavigationController.swift in Sources */ = {isa = PBXBuildFile; fileRef = 1026BF4E2A5AAC4700955799 /* HomeNavigationController.swift */; };
		1052C3ED2A6701EC00CD6508 /* DentistData.swift in Sources */ = {isa = PBXBuildFile; fileRef = 1052C3EC2A6701EC00CD6508 /* DentistData.swift */; };
		1052C3EF2A6702B400CD6508 /* DentistTableViewCell.swift in Sources */ = {isa = PBXBuildFile; fileRef = 1052C3EE2A6702B400CD6508 /* DentistTableViewCell.swift */; };
		10AB8CE32A851CC8009B594E /* PostModel.swift in Sources */ = {isa = PBXBuildFile; fileRef = 10AB8CE22A851CC8009B594E /* PostModel.swift */; };
		10AB8CE52A851E4A009B594E /* PostViewModel.swift in Sources */ = {isa = PBXBuildFile; fileRef = 10AB8CE42A851E4A009B594E /* PostViewModel.swift */; };
		10AB8CE72A85216D009B594E /* WritePostView.swift in Sources */ = {isa = PBXBuildFile; fileRef = 10AB8CE62A85216D009B594E /* WritePostView.swift */; };
		10AB8CE92A8521A3009B594E /* CommentModel.swift in Sources */ = {isa = PBXBuildFile; fileRef = 10AB8CE82A8521A3009B594E /* CommentModel.swift */; };
		10AEE93D2A70FCD7005833CE /* TalkView.swift in Sources */ = {isa = PBXBuildFile; fileRef = 10AEE93C2A70FCD7005833CE /* TalkView.swift */; };
		10AEE93F2A70FD03005833CE /* FAQView.swift in Sources */ = {isa = PBXBuildFile; fileRef = 10AEE93E2A70FD03005833CE /* FAQView.swift */; };
		10C82FE12A76764C00ADF34E /* PostView.swift in Sources */ = {isa = PBXBuildFile; fileRef = 10C82FE02A76764B00ADF34E /* PostView.swift */; };
		10DD90CB2A9C935300E161A2 /* BestCommunityModel.swift in Sources */ = {isa = PBXBuildFile; fileRef = 10DD90CA2A9C935300E161A2 /* BestCommunityModel.swift */; };
		10DD90CD2A9C943300E161A2 /* BestCommunityViewModel.swift in Sources */ = {isa = PBXBuildFile; fileRef = 10DD90CC2A9C943300E161A2 /* BestCommunityViewModel.swift */; };
		10E125BB2A8DEAA000A2805C /* HomeView.swift in Sources */ = {isa = PBXBuildFile; fileRef = 10E125BA2A8DEAA000A2805C /* HomeView.swift */; };
		321B896D2A602AA500AE45D4 /* Login.storyboard in Resources */ = {isa = PBXBuildFile; fileRef = 321B896C2A602AA500AE45D4 /* Login.storyboard */; };
		321B89702A60333F00AE45D4 /* loginSelectionViewController.swift in Sources */ = {isa = PBXBuildFile; fileRef = 321B896F2A60333F00AE45D4 /* loginSelectionViewController.swift */; };
		321B89722A60351E00AE45D4 /* loginViewController.swift in Sources */ = {isa = PBXBuildFile; fileRef = 321B89712A60351E00AE45D4 /* loginViewController.swift */; };
		327394372A8752AB001A739E /* SavedListView.swift in Sources */ = {isa = PBXBuildFile; fileRef = 327394362A8752AB001A739E /* SavedListView.swift */; };
		327394392A875741001A739E /* PostHistroyView.swift in Sources */ = {isa = PBXBuildFile; fileRef = 327394382A875741001A739E /* PostHistroyView.swift */; };
		3273943B2A875769001A739E /* ReservationHIstoryView.swift in Sources */ = {isa = PBXBuildFile; fileRef = 3273943A2A875769001A739E /* ReservationHIstoryView.swift */; };
		3273943D2A8757A6001A739E /* PointView.swift in Sources */ = {isa = PBXBuildFile; fileRef = 3273943C2A8757A6001A739E /* PointView.swift */; };
		3273943F2A8757E9001A739E /* CustomerServiceView.swift in Sources */ = {isa = PBXBuildFile; fileRef = 3273943E2A8757E9001A739E /* CustomerServiceView.swift */; };
		327394412A876370001A739E /* FontManager.swift in Sources */ = {isa = PBXBuildFile; fileRef = 327394402A876370001A739E /* FontManager.swift */; };
		327517362A9B7642008A8B97 /* LoginAPI.swift in Sources */ = {isa = PBXBuildFile; fileRef = 327517352A9B7642008A8B97 /* LoginAPI.swift */; };
		327517382A9C4E24008A8B97 /* DataModel.swift in Sources */ = {isa = PBXBuildFile; fileRef = 327517372A9C4E24008A8B97 /* DataModel.swift */; };
		3275173B2A9C8E42008A8B97 /* KeychainSwift in Frameworks */ = {isa = PBXBuildFile; productRef = 3275173A2A9C8E42008A8B97 /* KeychainSwift */; };
		328254952A9223C900F9428C /* ChangingPasswordView.swift in Sources */ = {isa = PBXBuildFile; fileRef = 328254942A9223C900F9428C /* ChangingPasswordView.swift */; };
		328DDE9F2A8E1F64006B82EF /* Alamofire in Frameworks */ = {isa = PBXBuildFile; productRef = 328DDE9E2A8E1F64006B82EF /* Alamofire */; };
		32A5E6C92A557A1800B41644 /* AppDelegate.swift in Sources */ = {isa = PBXBuildFile; fileRef = 32A5E6C82A557A1800B41644 /* AppDelegate.swift */; };
		32A5E6CB2A557A1800B41644 /* SceneDelegate.swift in Sources */ = {isa = PBXBuildFile; fileRef = 32A5E6CA2A557A1800B41644 /* SceneDelegate.swift */; };
		32A5E6CD2A557A1800B41644 /* ViewController.swift in Sources */ = {isa = PBXBuildFile; fileRef = 32A5E6CC2A557A1800B41644 /* ViewController.swift */; };
		32A5E6D02A557A1800B41644 /* Main.storyboard in Resources */ = {isa = PBXBuildFile; fileRef = 32A5E6CE2A557A1800B41644 /* Main.storyboard */; };
		32A5E6D22A557A1900B41644 /* Assets.xcassets in Resources */ = {isa = PBXBuildFile; fileRef = 32A5E6D12A557A1900B41644 /* Assets.xcassets */; };
		32A5E6D52A557A1900B41644 /* LaunchScreen.storyboard in Resources */ = {isa = PBXBuildFile; fileRef = 32A5E6D32A557A1900B41644 /* LaunchScreen.storyboard */; };
		32A5E6E02A557A1900B41644 /* BareuniTests.swift in Sources */ = {isa = PBXBuildFile; fileRef = 32A5E6DF2A557A1900B41644 /* BareuniTests.swift */; };
		32A5E6EA2A557A1900B41644 /* BareuniUITests.swift in Sources */ = {isa = PBXBuildFile; fileRef = 32A5E6E92A557A1900B41644 /* BareuniUITests.swift */; };
		32A5E6EC2A557A1900B41644 /* BareuniUITestsLaunchTests.swift in Sources */ = {isa = PBXBuildFile; fileRef = 32A5E6EB2A557A1900B41644 /* BareuniUITestsLaunchTests.swift */; };
		32A5E6FE2A557A7700B41644 /* Pretendard-Bold.otf in Resources */ = {isa = PBXBuildFile; fileRef = 32A5E6FD2A557A7700B41644 /* Pretendard-Bold.otf */; };
		32A5E7002A557A7D00B41644 /* Pretendard-SemiBold.otf in Resources */ = {isa = PBXBuildFile; fileRef = 32A5E6FF2A557A7D00B41644 /* Pretendard-SemiBold.otf */; };
		32A5E7022A557A8500B41644 /* Pretendard-Medium.otf in Resources */ = {isa = PBXBuildFile; fileRef = 32A5E7012A557A8500B41644 /* Pretendard-Medium.otf */; };
		32A5E7042A557A9E00B41644 /* Pretendard-Regular.ttf in Resources */ = {isa = PBXBuildFile; fileRef = 32A5E7032A557A9E00B41644 /* Pretendard-Regular.ttf */; };
		32A5E7062A557AAA00B41644 /* Inter-VariableFont_slnt,wght.ttf in Resources */ = {isa = PBXBuildFile; fileRef = 32A5E7052A557AAA00B41644 /* Inter-VariableFont_slnt,wght.ttf */; };
		32B5FE022A663AEC00DBC993 /* LoginUINavigationController.swift in Sources */ = {isa = PBXBuildFile; fileRef = 32B5FE012A663AEC00DBC993 /* LoginUINavigationController.swift */; };
		32B5FE062A66423D00DBC993 /* FindPWViewController.swift in Sources */ = {isa = PBXBuildFile; fileRef = 32B5FE052A66423D00DBC993 /* FindPWViewController.swift */; };
		32B5FE082A6654C300DBC993 /* SignUpViewController.swift in Sources */ = {isa = PBXBuildFile; fileRef = 32B5FE072A6654C300DBC993 /* SignUpViewController.swift */; };
		32BEFC422A83B74D00D11792 /* ChangingNumberAuthView.swift in Sources */ = {isa = PBXBuildFile; fileRef = 32BEFC412A83B74D00D11792 /* ChangingNumberAuthView.swift */; };
		32EB16BC2A6922430050F45F /* EmailAuthViewController.swift in Sources */ = {isa = PBXBuildFile; fileRef = 32EB16BB2A6922430050F45F /* EmailAuthViewController.swift */; };
		32EB16C02A6A26660050F45F /* ConfirmPWViewController.swift in Sources */ = {isa = PBXBuildFile; fileRef = 32EB16BF2A6A26660050F45F /* ConfirmPWViewController.swift */; };
		32EB16C42A6BF3830050F45F /* TermsOfServiceViewController.swift in Sources */ = {isa = PBXBuildFile; fileRef = 32EB16C32A6BF3830050F45F /* TermsOfServiceViewController.swift */; };
		32EB16CC2A6D726E0050F45F /* Profile.storyboard in Resources */ = {isa = PBXBuildFile; fileRef = 32EB16CB2A6D726E0050F45F /* Profile.storyboard */; };
		32EB16CF2A6E37BA0050F45F /* profileGuideViewController.swift in Sources */ = {isa = PBXBuildFile; fileRef = 32EB16CE2A6E37BA0050F45F /* profileGuideViewController.swift */; };
		32EB16D32A6E3F850050F45F /* NicknameSettingViewController.swift in Sources */ = {isa = PBXBuildFile; fileRef = 32EB16D22A6E3F850050F45F /* NicknameSettingViewController.swift */; };
		32EB16D52A6E4AB80050F45F /* DetailedProfileSettingViewController.swift in Sources */ = {isa = PBXBuildFile; fileRef = 32EB16D42A6E4AB80050F45F /* DetailedProfileSettingViewController.swift */; };
		32EB16D92A77CEDE0050F45F /* ProfileNavigationController.swift in Sources */ = {isa = PBXBuildFile; fileRef = 32EB16D82A77CEDE0050F45F /* ProfileNavigationController.swift */; };
		32EB16DB2A77D0610050F45F /* WelcomeProfileViewController.swift in Sources */ = {isa = PBXBuildFile; fileRef = 32EB16DA2A77D0610050F45F /* WelcomeProfileViewController.swift */; };
		32EB16DE2A825F0A0050F45F /* MyPageViewController.swift in Sources */ = {isa = PBXBuildFile; fileRef = 32EB16DD2A825F0A0050F45F /* MyPageViewController.swift */; };
		32EB16E12A8262A70050F45F /* MyPageMainView.swift in Sources */ = {isa = PBXBuildFile; fileRef = 32EB16E02A8262A70050F45F /* MyPageMainView.swift */; };
		32EB16E32A8291DE0050F45F /* MyInfoView.swift in Sources */ = {isa = PBXBuildFile; fileRef = 32EB16E22A8291DE0050F45F /* MyInfoView.swift */; };
		32EB16E72A8341D80050F45F /* ChangingNicknameView.swift in Sources */ = {isa = PBXBuildFile; fileRef = 32EB16E62A8341D80050F45F /* ChangingNicknameView.swift */; };
		32EB16E92A8358E50050F45F /* ChangingAgeView.swift in Sources */ = {isa = PBXBuildFile; fileRef = 32EB16E82A8358E50050F45F /* ChangingAgeView.swift */; };
		32EB16ED2A8378AF0050F45F /* NumberAuthHalfSheet.swift in Sources */ = {isa = PBXBuildFile; fileRef = 32EB16EC2A8378AF0050F45F /* NumberAuthHalfSheet.swift */; };
		32FC442E2A8E01FB00505C99 /* SettingView.swift in Sources */ = {isa = PBXBuildFile; fileRef = 32FC442D2A8E01FB00505C99 /* SettingView.swift */; };
		32FC44302A8E0C6A00505C99 /* AccountInfoView.swift in Sources */ = {isa = PBXBuildFile; fileRef = 32FC442F2A8E0C6A00505C99 /* AccountInfoView.swift */; };
		32FC44322A8E0CC800505C99 /* AlarmSettingView.swift in Sources */ = {isa = PBXBuildFile; fileRef = 32FC44312A8E0CC800505C99 /* AlarmSettingView.swift */; };
		32FC44342A8E0CE600505C99 /* PrivacyPolicyView.swift in Sources */ = {isa = PBXBuildFile; fileRef = 32FC44332A8E0CE600505C99 /* PrivacyPolicyView.swift */; };
		32FC44362A8E0D1C00505C99 /* DeletingAccountView.swift in Sources */ = {isa = PBXBuildFile; fileRef = 32FC44352A8E0D1C00505C99 /* DeletingAccountView.swift */; };
		3B3142382AA3185A0000F2C1 /* NearDentistModel.swift in Sources */ = {isa = PBXBuildFile; fileRef = 3B3142372AA3185A0000F2C1 /* NearDentistModel.swift */; };
		3B3142542AA31C100000F2C1 /* NearDentistViewModel.swift in Sources */ = {isa = PBXBuildFile; fileRef = 3B3142532AA31C100000F2C1 /* NearDentistViewModel.swift */; };
		3B3142562AA323B10000F2C1 /* DetailDentistModel.swift in Sources */ = {isa = PBXBuildFile; fileRef = 3B3142552AA323B10000F2C1 /* DetailDentistModel.swift */; };
		3B3142582AA323B80000F2C1 /* DetailDentistViewModel.swift in Sources */ = {isa = PBXBuildFile; fileRef = 3B3142572AA323B80000F2C1 /* DetailDentistViewModel.swift */; };
		3B5AF6512A708F2900A94BF1 /* BSImagePicker in Frameworks */ = {isa = PBXBuildFile; productRef = 3B5AF6502A708F2900A94BF1 /* BSImagePicker */; };
		3B5AF6532A7095F600A94BF1 /* TestView2.swift in Sources */ = {isa = PBXBuildFile; fileRef = 3B5AF6522A7095F600A94BF1 /* TestView2.swift */; };
		3B5AF6552A72B5B000A94BF1 /* ConsultingView.swift in Sources */ = {isa = PBXBuildFile; fileRef = 3B5AF6542A72B5B000A94BF1 /* ConsultingView.swift */; };
		3B9CB7182A5C508600AC56D0 /* ContentView.swift in Sources */ = {isa = PBXBuildFile; fileRef = 3B9CB7172A5C508600AC56D0 /* ContentView.swift */; };
		3B9CB71A2A5C528500AC56D0 /* InfoViewController.swift in Sources */ = {isa = PBXBuildFile; fileRef = 3B9CB7192A5C528500AC56D0 /* InfoViewController.swift */; };
		3BB0ACE42A5D3C060071D598 /* TestView.swift in Sources */ = {isa = PBXBuildFile; fileRef = 3BB0ACE32A5D3C060071D598 /* TestView.swift */; };
		3BB0ACE82A657FEE0071D598 /* InfoView.swift in Sources */ = {isa = PBXBuildFile; fileRef = 3BB0ACE72A657FEE0071D598 /* InfoView.swift */; };
		3BB0ACEA2A6685780071D598 /* DentistModel.swift in Sources */ = {isa = PBXBuildFile; fileRef = 3BB0ACE92A6685780071D598 /* DentistModel.swift */; };
		3BB0ACEC2A6685AA0071D598 /* DentistViewModel.swift in Sources */ = {isa = PBXBuildFile; fileRef = 3BB0ACEB2A6685AA0071D598 /* DentistViewModel.swift */; };
		3BB0ACF02A6A17C00071D598 /* WriteView.swift in Sources */ = {isa = PBXBuildFile; fileRef = 3BB0ACEF2A6A17C00071D598 /* WriteView.swift */; };
		3BCB5B6E2A82A22700F58C50 /* DateValue.swift in Sources */ = {isa = PBXBuildFile; fileRef = 3BCB5B6D2A82A22700F58C50 /* DateValue.swift */; };
		3BCB5B702A82A70E00F58C50 /* TestView3.swift in Sources */ = {isa = PBXBuildFile; fileRef = 3BCB5B6F2A82A70E00F58C50 /* TestView3.swift */; };
		3BCB5B722A83E96700F58C50 /* CityDictionary.swift in Sources */ = {isa = PBXBuildFile; fileRef = 3BCB5B712A83E96700F58C50 /* CityDictionary.swift */; };
		3BCB5BB02A8E12C700F58C50 /* HiddenTabBarTest.swift in Sources */ = {isa = PBXBuildFile; fileRef = 3BCB5BAF2A8E12C700F58C50 /* HiddenTabBarTest.swift */; };
		3BCB5BB22A8E1C4A00F58C50 /* DentistModel2.swift in Sources */ = {isa = PBXBuildFile; fileRef = 3BCB5BB12A8E1C4A00F58C50 /* DentistModel2.swift */; };
		3BCB5BB42A946B3900F58C50 /* ReviewModel.swift in Sources */ = {isa = PBXBuildFile; fileRef = 3BCB5BB32A946B3900F58C50 /* ReviewModel.swift */; };
		3BCB5BB62A9470B200F58C50 /* ReviewViewModel.swift in Sources */ = {isa = PBXBuildFile; fileRef = 3BCB5BB52A9470B200F58C50 /* ReviewViewModel.swift */; };
		3BCB5BB82A949F1F00F58C50 /* TestView4.swift in Sources */ = {isa = PBXBuildFile; fileRef = 3BCB5BB72A949F1F00F58C50 /* TestView4.swift */; };
		3BCB5C282A9C56CE00F58C50 /* MoyaAPIManager.swift in Sources */ = {isa = PBXBuildFile; fileRef = 3BCB5C272A9C56CE00F58C50 /* MoyaAPIManager.swift */; };
		3BCB5C322A9C5CFD00F58C50 /* APITestView.swift in Sources */ = {isa = PBXBuildFile; fileRef = 3BCB5C312A9C5CFD00F58C50 /* APITestView.swift */; };
		3BCB5C662A9C835100F58C50 /* RecommendDentistViewModel.swift in Sources */ = {isa = PBXBuildFile; fileRef = 3BCB5C642A9C835000F58C50 /* RecommendDentistViewModel.swift */; };
		3BCB5C672A9C835100F58C50 /* RecommendDentistModel.swift in Sources */ = {isa = PBXBuildFile; fileRef = 3BCB5C652A9C835000F58C50 /* RecommendDentistModel.swift */; };
/* End PBXBuildFile section */

/* Begin PBXContainerItemProxy section */
		32A5E6DC2A557A1900B41644 /* PBXContainerItemProxy */ = {
			isa = PBXContainerItemProxy;
			containerPortal = 32A5E6BD2A557A1800B41644 /* Project object */;
			proxyType = 1;
			remoteGlobalIDString = 32A5E6C42A557A1800B41644;
			remoteInfo = Bareuni;
		};
		32A5E6E62A557A1900B41644 /* PBXContainerItemProxy */ = {
			isa = PBXContainerItemProxy;
			containerPortal = 32A5E6BD2A557A1800B41644 /* Project object */;
			proxyType = 1;
			remoteGlobalIDString = 32A5E6C42A557A1800B41644;
			remoteInfo = Bareuni;
		};
/* End PBXContainerItemProxy section */

/* Begin PBXFileReference section */
		1014A0B22A6E604D00CE8170 /* CommunityMainView.swift */ = {isa = PBXFileReference; lastKnownFileType = sourcecode.swift; path = CommunityMainView.swift; sourceTree = "<group>"; };
		1014A0B42A6E61C500CE8170 /* CommunityViewController.swift */ = {isa = PBXFileReference; lastKnownFileType = sourcecode.swift; path = CommunityViewController.swift; sourceTree = "<group>"; };
		1017E2F02A9B312800254EFD /* BestDentistModel.swift */ = {isa = PBXFileReference; lastKnownFileType = sourcecode.swift; path = BestDentistModel.swift; sourceTree = "<group>"; };
		1017E3012A9C77BA00254EFD /* APIManager.swift */ = {isa = PBXFileReference; lastKnownFileType = sourcecode.swift; path = APIManager.swift; sourceTree = "<group>"; };
		1017E3032A9C794B00254EFD /* BestDentistViewModel.swift */ = {isa = PBXFileReference; lastKnownFileType = sourcecode.swift; path = BestDentistViewModel.swift; sourceTree = "<group>"; };
		102166522A69492A00DC6351 /* CommunityData.swift */ = {isa = PBXFileReference; lastKnownFileType = sourcecode.swift; path = CommunityData.swift; sourceTree = "<group>"; };
		102166542A6949ED00DC6351 /* CommunityTableViewCell.swift */ = {isa = PBXFileReference; lastKnownFileType = sourcecode.swift; path = CommunityTableViewCell.swift; sourceTree = "<group>"; };
		1026BF402A59A8F000955799 /* TabBarController.swift */ = {isa = PBXFileReference; lastKnownFileType = sourcecode.swift; path = TabBarController.swift; sourceTree = "<group>"; };
		1026BF422A5A94E600955799 /* Home.storyboard */ = {isa = PBXFileReference; lastKnownFileType = file.storyboard; path = Home.storyboard; sourceTree = "<group>"; };
		1026BF462A5A98CB00955799 /* Info.storyboard */ = {isa = PBXFileReference; lastKnownFileType = file.storyboard; path = Info.storyboard; sourceTree = "<group>"; };
		1026BF482A5A998600955799 /* Community.storyboard */ = {isa = PBXFileReference; lastKnownFileType = file.storyboard; path = Community.storyboard; sourceTree = "<group>"; };
		1026BF4A2A5A9D6400955799 /* Mypage.storyboard */ = {isa = PBXFileReference; lastKnownFileType = file.storyboard; path = Mypage.storyboard; sourceTree = "<group>"; };
		1026BF4C2A5AA5C700955799 /* HomeViewController.swift */ = {isa = PBXFileReference; lastKnownFileType = sourcecode.swift; path = HomeViewController.swift; sourceTree = "<group>"; };
		1026BF4E2A5AAC4700955799 /* HomeNavigationController.swift */ = {isa = PBXFileReference; lastKnownFileType = sourcecode.swift; path = HomeNavigationController.swift; sourceTree = "<group>"; };
		1052C3EC2A6701EC00CD6508 /* DentistData.swift */ = {isa = PBXFileReference; lastKnownFileType = sourcecode.swift; path = DentistData.swift; sourceTree = "<group>"; };
		1052C3EE2A6702B400CD6508 /* DentistTableViewCell.swift */ = {isa = PBXFileReference; lastKnownFileType = sourcecode.swift; path = DentistTableViewCell.swift; sourceTree = "<group>"; };
		10AB8CE22A851CC8009B594E /* PostModel.swift */ = {isa = PBXFileReference; lastKnownFileType = sourcecode.swift; name = PostModel.swift; path = Bareuni/Model/Community/PostModel.swift; sourceTree = SOURCE_ROOT; };
		10AB8CE42A851E4A009B594E /* PostViewModel.swift */ = {isa = PBXFileReference; lastKnownFileType = sourcecode.swift; name = PostViewModel.swift; path = Bareuni/Model/Community/PostViewModel.swift; sourceTree = SOURCE_ROOT; };
		10AB8CE62A85216D009B594E /* WritePostView.swift */ = {isa = PBXFileReference; lastKnownFileType = sourcecode.swift; path = WritePostView.swift; sourceTree = "<group>"; };
		10AB8CE82A8521A3009B594E /* CommentModel.swift */ = {isa = PBXFileReference; lastKnownFileType = sourcecode.swift; name = CommentModel.swift; path = Bareuni/Model/Community/CommentModel.swift; sourceTree = SOURCE_ROOT; };
		10AEE93C2A70FCD7005833CE /* TalkView.swift */ = {isa = PBXFileReference; lastKnownFileType = sourcecode.swift; path = TalkView.swift; sourceTree = "<group>"; };
		10AEE93E2A70FD03005833CE /* FAQView.swift */ = {isa = PBXFileReference; lastKnownFileType = sourcecode.swift; path = FAQView.swift; sourceTree = "<group>"; };
		10C82FE02A76764B00ADF34E /* PostView.swift */ = {isa = PBXFileReference; lastKnownFileType = sourcecode.swift; path = PostView.swift; sourceTree = "<group>"; };
		10DD90CA2A9C935300E161A2 /* BestCommunityModel.swift */ = {isa = PBXFileReference; lastKnownFileType = sourcecode.swift; path = BestCommunityModel.swift; sourceTree = "<group>"; };
		10DD90CC2A9C943300E161A2 /* BestCommunityViewModel.swift */ = {isa = PBXFileReference; lastKnownFileType = sourcecode.swift; path = BestCommunityViewModel.swift; sourceTree = "<group>"; };
		10E125BA2A8DEAA000A2805C /* HomeView.swift */ = {isa = PBXFileReference; lastKnownFileType = sourcecode.swift; path = HomeView.swift; sourceTree = "<group>"; };
		321B896C2A602AA500AE45D4 /* Login.storyboard */ = {isa = PBXFileReference; lastKnownFileType = file.storyboard; path = Login.storyboard; sourceTree = "<group>"; };
		321B896F2A60333F00AE45D4 /* loginSelectionViewController.swift */ = {isa = PBXFileReference; lastKnownFileType = sourcecode.swift; path = loginSelectionViewController.swift; sourceTree = "<group>"; };
		321B89712A60351E00AE45D4 /* loginViewController.swift */ = {isa = PBXFileReference; lastKnownFileType = sourcecode.swift; path = loginViewController.swift; sourceTree = "<group>"; };
		327394362A8752AB001A739E /* SavedListView.swift */ = {isa = PBXFileReference; lastKnownFileType = sourcecode.swift; path = SavedListView.swift; sourceTree = "<group>"; };
		327394382A875741001A739E /* PostHistroyView.swift */ = {isa = PBXFileReference; lastKnownFileType = sourcecode.swift; path = PostHistroyView.swift; sourceTree = "<group>"; };
		3273943A2A875769001A739E /* ReservationHIstoryView.swift */ = {isa = PBXFileReference; lastKnownFileType = sourcecode.swift; path = ReservationHIstoryView.swift; sourceTree = "<group>"; };
		3273943C2A8757A6001A739E /* PointView.swift */ = {isa = PBXFileReference; lastKnownFileType = sourcecode.swift; path = PointView.swift; sourceTree = "<group>"; };
		3273943E2A8757E9001A739E /* CustomerServiceView.swift */ = {isa = PBXFileReference; lastKnownFileType = sourcecode.swift; path = CustomerServiceView.swift; sourceTree = "<group>"; };
		327394402A876370001A739E /* FontManager.swift */ = {isa = PBXFileReference; lastKnownFileType = sourcecode.swift; path = FontManager.swift; sourceTree = "<group>"; };
		327517352A9B7642008A8B97 /* LoginAPI.swift */ = {isa = PBXFileReference; lastKnownFileType = sourcecode.swift; path = LoginAPI.swift; sourceTree = "<group>"; };
		327517372A9C4E24008A8B97 /* DataModel.swift */ = {isa = PBXFileReference; lastKnownFileType = sourcecode.swift; path = DataModel.swift; sourceTree = "<group>"; };
		328254942A9223C900F9428C /* ChangingPasswordView.swift */ = {isa = PBXFileReference; lastKnownFileType = sourcecode.swift; path = ChangingPasswordView.swift; sourceTree = "<group>"; };
		32A5E6C52A557A1800B41644 /* Bareuni.app */ = {isa = PBXFileReference; explicitFileType = wrapper.application; includeInIndex = 0; path = Bareuni.app; sourceTree = BUILT_PRODUCTS_DIR; };
		32A5E6C82A557A1800B41644 /* AppDelegate.swift */ = {isa = PBXFileReference; lastKnownFileType = sourcecode.swift; path = AppDelegate.swift; sourceTree = "<group>"; };
		32A5E6CA2A557A1800B41644 /* SceneDelegate.swift */ = {isa = PBXFileReference; lastKnownFileType = sourcecode.swift; path = SceneDelegate.swift; sourceTree = "<group>"; };
		32A5E6CC2A557A1800B41644 /* ViewController.swift */ = {isa = PBXFileReference; lastKnownFileType = sourcecode.swift; path = ViewController.swift; sourceTree = "<group>"; };
		32A5E6CF2A557A1800B41644 /* Base */ = {isa = PBXFileReference; lastKnownFileType = file.storyboard; name = Base; path = Base.lproj/Main.storyboard; sourceTree = "<group>"; };
		32A5E6D12A557A1900B41644 /* Assets.xcassets */ = {isa = PBXFileReference; lastKnownFileType = folder.assetcatalog; path = Assets.xcassets; sourceTree = "<group>"; };
		32A5E6D42A557A1900B41644 /* Base */ = {isa = PBXFileReference; lastKnownFileType = file.storyboard; name = Base; path = Base.lproj/LaunchScreen.storyboard; sourceTree = "<group>"; };
		32A5E6D62A557A1900B41644 /* Info.plist */ = {isa = PBXFileReference; lastKnownFileType = text.plist.xml; path = Info.plist; sourceTree = "<group>"; };
		32A5E6DB2A557A1900B41644 /* BareuniTests.xctest */ = {isa = PBXFileReference; explicitFileType = wrapper.cfbundle; includeInIndex = 0; path = BareuniTests.xctest; sourceTree = BUILT_PRODUCTS_DIR; };
		32A5E6DF2A557A1900B41644 /* BareuniTests.swift */ = {isa = PBXFileReference; lastKnownFileType = sourcecode.swift; path = BareuniTests.swift; sourceTree = "<group>"; };
		32A5E6E52A557A1900B41644 /* BareuniUITests.xctest */ = {isa = PBXFileReference; explicitFileType = wrapper.cfbundle; includeInIndex = 0; path = BareuniUITests.xctest; sourceTree = BUILT_PRODUCTS_DIR; };
		32A5E6E92A557A1900B41644 /* BareuniUITests.swift */ = {isa = PBXFileReference; lastKnownFileType = sourcecode.swift; path = BareuniUITests.swift; sourceTree = "<group>"; };
		32A5E6EB2A557A1900B41644 /* BareuniUITestsLaunchTests.swift */ = {isa = PBXFileReference; lastKnownFileType = sourcecode.swift; path = BareuniUITestsLaunchTests.swift; sourceTree = "<group>"; };
		32A5E6FD2A557A7700B41644 /* Pretendard-Bold.otf */ = {isa = PBXFileReference; lastKnownFileType = file; path = "Pretendard-Bold.otf"; sourceTree = "<group>"; };
		32A5E6FF2A557A7D00B41644 /* Pretendard-SemiBold.otf */ = {isa = PBXFileReference; lastKnownFileType = file; path = "Pretendard-SemiBold.otf"; sourceTree = "<group>"; };
		32A5E7012A557A8500B41644 /* Pretendard-Medium.otf */ = {isa = PBXFileReference; lastKnownFileType = file; path = "Pretendard-Medium.otf"; sourceTree = "<group>"; };
		32A5E7032A557A9E00B41644 /* Pretendard-Regular.ttf */ = {isa = PBXFileReference; lastKnownFileType = file; path = "Pretendard-Regular.ttf"; sourceTree = "<group>"; };
		32A5E7052A557AAA00B41644 /* Inter-VariableFont_slnt,wght.ttf */ = {isa = PBXFileReference; lastKnownFileType = file; path = "Inter-VariableFont_slnt,wght.ttf"; sourceTree = "<group>"; };
		32B5FE012A663AEC00DBC993 /* LoginUINavigationController.swift */ = {isa = PBXFileReference; lastKnownFileType = sourcecode.swift; path = LoginUINavigationController.swift; sourceTree = "<group>"; };
		32B5FE052A66423D00DBC993 /* FindPWViewController.swift */ = {isa = PBXFileReference; lastKnownFileType = sourcecode.swift; path = FindPWViewController.swift; sourceTree = "<group>"; };
		32B5FE072A6654C300DBC993 /* SignUpViewController.swift */ = {isa = PBXFileReference; lastKnownFileType = sourcecode.swift; path = SignUpViewController.swift; sourceTree = "<group>"; };
		32BEFC412A83B74D00D11792 /* ChangingNumberAuthView.swift */ = {isa = PBXFileReference; lastKnownFileType = sourcecode.swift; path = ChangingNumberAuthView.swift; sourceTree = "<group>"; };
		32EB16BB2A6922430050F45F /* EmailAuthViewController.swift */ = {isa = PBXFileReference; lastKnownFileType = sourcecode.swift; path = EmailAuthViewController.swift; sourceTree = "<group>"; };
		32EB16BF2A6A26660050F45F /* ConfirmPWViewController.swift */ = {isa = PBXFileReference; lastKnownFileType = sourcecode.swift; path = ConfirmPWViewController.swift; sourceTree = "<group>"; };
		32EB16C32A6BF3830050F45F /* TermsOfServiceViewController.swift */ = {isa = PBXFileReference; lastKnownFileType = sourcecode.swift; path = TermsOfServiceViewController.swift; sourceTree = "<group>"; };
		32EB16CB2A6D726E0050F45F /* Profile.storyboard */ = {isa = PBXFileReference; lastKnownFileType = file.storyboard; path = Profile.storyboard; sourceTree = "<group>"; };
		32EB16CE2A6E37BA0050F45F /* profileGuideViewController.swift */ = {isa = PBXFileReference; lastKnownFileType = sourcecode.swift; path = profileGuideViewController.swift; sourceTree = "<group>"; };
		32EB16D22A6E3F850050F45F /* NicknameSettingViewController.swift */ = {isa = PBXFileReference; lastKnownFileType = sourcecode.swift; path = NicknameSettingViewController.swift; sourceTree = "<group>"; };
		32EB16D42A6E4AB80050F45F /* DetailedProfileSettingViewController.swift */ = {isa = PBXFileReference; lastKnownFileType = sourcecode.swift; path = DetailedProfileSettingViewController.swift; sourceTree = "<group>"; };
		32EB16D82A77CEDE0050F45F /* ProfileNavigationController.swift */ = {isa = PBXFileReference; lastKnownFileType = sourcecode.swift; path = ProfileNavigationController.swift; sourceTree = "<group>"; };
		32EB16DA2A77D0610050F45F /* WelcomeProfileViewController.swift */ = {isa = PBXFileReference; lastKnownFileType = sourcecode.swift; path = WelcomeProfileViewController.swift; sourceTree = "<group>"; };
		32EB16DD2A825F0A0050F45F /* MyPageViewController.swift */ = {isa = PBXFileReference; lastKnownFileType = sourcecode.swift; path = MyPageViewController.swift; sourceTree = "<group>"; };
		32EB16E02A8262A70050F45F /* MyPageMainView.swift */ = {isa = PBXFileReference; lastKnownFileType = sourcecode.swift; path = MyPageMainView.swift; sourceTree = "<group>"; };
		32EB16E22A8291DE0050F45F /* MyInfoView.swift */ = {isa = PBXFileReference; lastKnownFileType = sourcecode.swift; path = MyInfoView.swift; sourceTree = "<group>"; };
		32EB16E62A8341D80050F45F /* ChangingNicknameView.swift */ = {isa = PBXFileReference; lastKnownFileType = sourcecode.swift; path = ChangingNicknameView.swift; sourceTree = "<group>"; };
		32EB16E82A8358E50050F45F /* ChangingAgeView.swift */ = {isa = PBXFileReference; lastKnownFileType = sourcecode.swift; path = ChangingAgeView.swift; sourceTree = "<group>"; };
		32EB16EC2A8378AF0050F45F /* NumberAuthHalfSheet.swift */ = {isa = PBXFileReference; lastKnownFileType = sourcecode.swift; path = NumberAuthHalfSheet.swift; sourceTree = "<group>"; };
		32FC442D2A8E01FB00505C99 /* SettingView.swift */ = {isa = PBXFileReference; lastKnownFileType = sourcecode.swift; path = SettingView.swift; sourceTree = "<group>"; };
		32FC442F2A8E0C6A00505C99 /* AccountInfoView.swift */ = {isa = PBXFileReference; lastKnownFileType = sourcecode.swift; path = AccountInfoView.swift; sourceTree = "<group>"; };
		32FC44312A8E0CC800505C99 /* AlarmSettingView.swift */ = {isa = PBXFileReference; lastKnownFileType = sourcecode.swift; path = AlarmSettingView.swift; sourceTree = "<group>"; };
		32FC44332A8E0CE600505C99 /* PrivacyPolicyView.swift */ = {isa = PBXFileReference; lastKnownFileType = sourcecode.swift; path = PrivacyPolicyView.swift; sourceTree = "<group>"; };
		32FC44352A8E0D1C00505C99 /* DeletingAccountView.swift */ = {isa = PBXFileReference; lastKnownFileType = sourcecode.swift; path = DeletingAccountView.swift; sourceTree = "<group>"; };
		3B3142372AA3185A0000F2C1 /* NearDentistModel.swift */ = {isa = PBXFileReference; lastKnownFileType = sourcecode.swift; path = NearDentistModel.swift; sourceTree = "<group>"; };
		3B3142532AA31C100000F2C1 /* NearDentistViewModel.swift */ = {isa = PBXFileReference; lastKnownFileType = sourcecode.swift; name = NearDentistViewModel.swift; path = "../../../../../../.Trash/bareuni-iOS 오후 3.44.57/Bareuni/Model/Dentist/NearDentistViewModel.swift"; sourceTree = "<group>"; };
		3B3142552AA323B10000F2C1 /* DetailDentistModel.swift */ = {isa = PBXFileReference; lastKnownFileType = sourcecode.swift; path = DetailDentistModel.swift; sourceTree = "<group>"; };
		3B3142572AA323B80000F2C1 /* DetailDentistViewModel.swift */ = {isa = PBXFileReference; lastKnownFileType = sourcecode.swift; path = DetailDentistViewModel.swift; sourceTree = "<group>"; };
		3B5AF6522A7095F600A94BF1 /* TestView2.swift */ = {isa = PBXFileReference; lastKnownFileType = sourcecode.swift; path = TestView2.swift; sourceTree = "<group>"; };
		3B5AF6542A72B5B000A94BF1 /* ConsultingView.swift */ = {isa = PBXFileReference; lastKnownFileType = sourcecode.swift; path = ConsultingView.swift; sourceTree = "<group>"; };
		3B9CB7172A5C508600AC56D0 /* ContentView.swift */ = {isa = PBXFileReference; lastKnownFileType = sourcecode.swift; path = ContentView.swift; sourceTree = "<group>"; };
		3B9CB7192A5C528500AC56D0 /* InfoViewController.swift */ = {isa = PBXFileReference; lastKnownFileType = sourcecode.swift; path = InfoViewController.swift; sourceTree = "<group>"; };
		3BB0ACE32A5D3C060071D598 /* TestView.swift */ = {isa = PBXFileReference; lastKnownFileType = sourcecode.swift; path = TestView.swift; sourceTree = "<group>"; };
		3BB0ACE72A657FEE0071D598 /* InfoView.swift */ = {isa = PBXFileReference; lastKnownFileType = sourcecode.swift; path = InfoView.swift; sourceTree = "<group>"; };
		3BB0ACE92A6685780071D598 /* DentistModel.swift */ = {isa = PBXFileReference; lastKnownFileType = sourcecode.swift; name = DentistModel.swift; path = Bareuni/Model/Dentist/DentistModel.swift; sourceTree = SOURCE_ROOT; };
		3BB0ACEB2A6685AA0071D598 /* DentistViewModel.swift */ = {isa = PBXFileReference; lastKnownFileType = sourcecode.swift; name = DentistViewModel.swift; path = Bareuni/Model/Dentist/DentistViewModel.swift; sourceTree = SOURCE_ROOT; };
		3BB0ACEF2A6A17C00071D598 /* WriteView.swift */ = {isa = PBXFileReference; lastKnownFileType = sourcecode.swift; path = WriteView.swift; sourceTree = "<group>"; };
		3BCB5B6D2A82A22700F58C50 /* DateValue.swift */ = {isa = PBXFileReference; lastKnownFileType = sourcecode.swift; path = DateValue.swift; sourceTree = "<group>"; };
		3BCB5B6F2A82A70E00F58C50 /* TestView3.swift */ = {isa = PBXFileReference; lastKnownFileType = sourcecode.swift; path = TestView3.swift; sourceTree = "<group>"; };
		3BCB5B712A83E96700F58C50 /* CityDictionary.swift */ = {isa = PBXFileReference; lastKnownFileType = sourcecode.swift; name = CityDictionary.swift; path = Bareuni/Model/Dentist/CityDictionary.swift; sourceTree = SOURCE_ROOT; };
		3BCB5BAF2A8E12C700F58C50 /* HiddenTabBarTest.swift */ = {isa = PBXFileReference; lastKnownFileType = sourcecode.swift; path = HiddenTabBarTest.swift; sourceTree = "<group>"; };
		3BCB5BB12A8E1C4A00F58C50 /* DentistModel2.swift */ = {isa = PBXFileReference; lastKnownFileType = sourcecode.swift; path = DentistModel2.swift; sourceTree = "<group>"; };
		3BCB5BB32A946B3900F58C50 /* ReviewModel.swift */ = {isa = PBXFileReference; lastKnownFileType = sourcecode.swift; path = ReviewModel.swift; sourceTree = "<group>"; };
		3BCB5BB52A9470B200F58C50 /* ReviewViewModel.swift */ = {isa = PBXFileReference; lastKnownFileType = sourcecode.swift; path = ReviewViewModel.swift; sourceTree = "<group>"; };
		3BCB5BB72A949F1F00F58C50 /* TestView4.swift */ = {isa = PBXFileReference; lastKnownFileType = sourcecode.swift; path = TestView4.swift; sourceTree = "<group>"; };
		3BCB5C272A9C56CE00F58C50 /* MoyaAPIManager.swift */ = {isa = PBXFileReference; lastKnownFileType = sourcecode.swift; path = MoyaAPIManager.swift; sourceTree = "<group>"; };
		3BCB5C312A9C5CFD00F58C50 /* APITestView.swift */ = {isa = PBXFileReference; lastKnownFileType = sourcecode.swift; path = APITestView.swift; sourceTree = "<group>"; };
		3BCB5C642A9C835000F58C50 /* RecommendDentistViewModel.swift */ = {isa = PBXFileReference; fileEncoding = 4; lastKnownFileType = sourcecode.swift; path = RecommendDentistViewModel.swift; sourceTree = "<group>"; };
		3BCB5C652A9C835000F58C50 /* RecommendDentistModel.swift */ = {isa = PBXFileReference; fileEncoding = 4; lastKnownFileType = sourcecode.swift; path = RecommendDentistModel.swift; sourceTree = "<group>"; };
/* End PBXFileReference section */

/* Begin PBXFrameworksBuildPhase section */
		32A5E6C22A557A1800B41644 /* Frameworks */ = {
			isa = PBXFrameworksBuildPhase;
			buildActionMask = 2147483647;
			files = (
				3275173B2A9C8E42008A8B97 /* KeychainSwift in Frameworks */,
				1017E3002A9C777D00254EFD /* RxMoya in Frameworks */,
				3B5AF6512A708F2900A94BF1 /* BSImagePicker in Frameworks */,
				328DDE9F2A8E1F64006B82EF /* Alamofire in Frameworks */,
				1017E2FC2A9C777D00254EFD /* Moya in Frameworks */,
				1017E2FE2A9C777D00254EFD /* ReactiveMoya in Frameworks */,
				1017E2FA2A9C777D00254EFD /* CombineMoya in Frameworks */,
			);
			runOnlyForDeploymentPostprocessing = 0;
		};
		32A5E6D82A557A1900B41644 /* Frameworks */ = {
			isa = PBXFrameworksBuildPhase;
			buildActionMask = 2147483647;
			files = (
			);
			runOnlyForDeploymentPostprocessing = 0;
		};
		32A5E6E22A557A1900B41644 /* Frameworks */ = {
			isa = PBXFrameworksBuildPhase;
			buildActionMask = 2147483647;
			files = (
			);
			runOnlyForDeploymentPostprocessing = 0;
		};
/* End PBXFrameworksBuildPhase section */

/* Begin PBXGroup section */
		1014A0AF2A6E592500CE8170 /* Community */ = {
			isa = PBXGroup;
			children = (
				1014A0B42A6E61C500CE8170 /* CommunityViewController.swift */,
			);
			path = Community;
			sourceTree = "<group>";
		};
		1017E2EF2A9B30EA00254EFD /* Home */ = {
			isa = PBXGroup;
			children = (
				1017E2F02A9B312800254EFD /* BestDentistModel.swift */,
				1017E3032A9C794B00254EFD /* BestDentistViewModel.swift */,
				10DD90CA2A9C935300E161A2 /* BestCommunityModel.swift */,
				10DD90CC2A9C943300E161A2 /* BestCommunityViewModel.swift */,
			);
			path = Home;
			sourceTree = "<group>";
		};
		104862532A61ADCB00D2683F /* Home */ = {
			isa = PBXGroup;
			children = (
				1026BF4C2A5AA5C700955799 /* HomeViewController.swift */,
				1026BF4E2A5AAC4700955799 /* HomeNavigationController.swift */,
				1052C3EC2A6701EC00CD6508 /* DentistData.swift */,
				1052C3EE2A6702B400CD6508 /* DentistTableViewCell.swift */,
				102166522A69492A00DC6351 /* CommunityData.swift */,
				102166542A6949ED00DC6351 /* CommunityTableViewCell.swift */,
			);
			path = Home;
			sourceTree = "<group>";
		};
		10E125B52A8DE42C00A2805C /* Dentist */ = {
			isa = PBXGroup;
			children = (
				3B9CB7172A5C508600AC56D0 /* ContentView.swift */,
				3BB0ACE72A657FEE0071D598 /* InfoView.swift */,
				3BB0ACEF2A6A17C00071D598 /* WriteView.swift */,
				3B5AF6542A72B5B000A94BF1 /* ConsultingView.swift */,
				3BCB5B6D2A82A22700F58C50 /* DateValue.swift */,
				3BB0ACE32A5D3C060071D598 /* TestView.swift */,
				3B5AF6522A7095F600A94BF1 /* TestView2.swift */,
				3BCB5B6F2A82A70E00F58C50 /* TestView3.swift */,
				3BCB5BB72A949F1F00F58C50 /* TestView4.swift */,
				3BCB5BAF2A8E12C700F58C50 /* HiddenTabBarTest.swift */,
			);
			path = Dentist;
			sourceTree = "<group>";
		};
		10E125B62A8DE4BF00A2805C /* Community */ = {
			isa = PBXGroup;
			children = (
				1014A0B22A6E604D00CE8170 /* CommunityMainView.swift */,
				10AEE93C2A70FCD7005833CE /* TalkView.swift */,
				10AEE93E2A70FD03005833CE /* FAQView.swift */,
				10C82FE02A76764B00ADF34E /* PostView.swift */,
				10AB8CE62A85216D009B594E /* WritePostView.swift */,
			);
			path = Community;
			sourceTree = "<group>";
		};
		10E125B72A8DE57A00A2805C /* Dentist */ = {
			isa = PBXGroup;
			children = (
				3BB0ACE92A6685780071D598 /* DentistModel.swift */,
				3BCB5BB32A946B3900F58C50 /* ReviewModel.swift */,
				3BCB5B712A83E96700F58C50 /* CityDictionary.swift */,
				3BB0ACEB2A6685AA0071D598 /* DentistViewModel.swift */,
				3BCB5BB52A9470B200F58C50 /* ReviewViewModel.swift */,
				3BCB5BB12A8E1C4A00F58C50 /* DentistModel2.swift */,
				3BCB5C272A9C56CE00F58C50 /* MoyaAPIManager.swift */,
				3BCB5C652A9C835000F58C50 /* RecommendDentistModel.swift */,
				3BCB5C642A9C835000F58C50 /* RecommendDentistViewModel.swift */,
				3B3142552AA323B10000F2C1 /* DetailDentistModel.swift */,
				3B3142572AA323B80000F2C1 /* DetailDentistViewModel.swift */,
				3B3142372AA3185A0000F2C1 /* NearDentistModel.swift */,
				3B3142532AA31C100000F2C1 /* NearDentistViewModel.swift */,
				3BCB5C312A9C5CFD00F58C50 /* APITestView.swift */,
			);
			path = Dentist;
			sourceTree = "<group>";
		};
		10E125B82A8DE58F00A2805C /* Community */ = {
			isa = PBXGroup;
			children = (
				10AB8CE82A8521A3009B594E /* CommentModel.swift */,
				10AB8CE22A851CC8009B594E /* PostModel.swift */,
				10AB8CE42A851E4A009B594E /* PostViewModel.swift */,
			);
			path = Community;
			sourceTree = "<group>";
		};
		10E125B92A8DEA8B00A2805C /* Home */ = {
			isa = PBXGroup;
			children = (
				10E125BA2A8DEAA000A2805C /* HomeView.swift */,
			);
			path = Home;
			sourceTree = "<group>";
		};
		321B896E2A60320B00AE45D4 /* Login */ = {
			isa = PBXGroup;
			children = (
				321B896F2A60333F00AE45D4 /* loginSelectionViewController.swift */,
				321B89712A60351E00AE45D4 /* loginViewController.swift */,
				32B5FE012A663AEC00DBC993 /* LoginUINavigationController.swift */,
				32B5FE052A66423D00DBC993 /* FindPWViewController.swift */,
			);
			path = Login;
			sourceTree = "<group>";
		};
		327517342A9B7622008A8B97 /* Login */ = {
			isa = PBXGroup;
			children = (
				327517352A9B7642008A8B97 /* LoginAPI.swift */,
				327517372A9C4E24008A8B97 /* DataModel.swift */,
			);
			path = Login;
			sourceTree = "<group>";
		};
		32A5E6BC2A557A1800B41644 = {
			isa = PBXGroup;
			children = (
				32A5E6C72A557A1800B41644 /* Bareuni */,
				32A5E6DE2A557A1900B41644 /* BareuniTests */,
				32A5E6E82A557A1900B41644 /* BareuniUITests */,
				32A5E6C62A557A1800B41644 /* Products */,
			);
			sourceTree = "<group>";
		};
		32A5E6C62A557A1800B41644 /* Products */ = {
			isa = PBXGroup;
			children = (
				32A5E6C52A557A1800B41644 /* Bareuni.app */,
				32A5E6DB2A557A1900B41644 /* BareuniTests.xctest */,
				32A5E6E52A557A1900B41644 /* BareuniUITests.xctest */,
			);
			name = Products;
			sourceTree = "<group>";
		};
		32A5E6C72A557A1800B41644 /* Bareuni */ = {
			isa = PBXGroup;
			children = (
				32A5E6F82A557A2000B41644 /* Model */,
				32A5E6F92A557A2B00B41644 /* View */,
				32A5E6FA2A557A3500B41644 /* Controller */,
				32A5E6FB2A557A4500B41644 /* Resource */,
				32A5E6D62A557A1900B41644 /* Info.plist */,
			);
			path = Bareuni;
			sourceTree = "<group>";
		};
		32A5E6DE2A557A1900B41644 /* BareuniTests */ = {
			isa = PBXGroup;
			children = (
				32A5E6DF2A557A1900B41644 /* BareuniTests.swift */,
			);
			path = BareuniTests;
			sourceTree = "<group>";
		};
		32A5E6E82A557A1900B41644 /* BareuniUITests */ = {
			isa = PBXGroup;
			children = (
				32A5E6E92A557A1900B41644 /* BareuniUITests.swift */,
				32A5E6EB2A557A1900B41644 /* BareuniUITestsLaunchTests.swift */,
			);
			path = BareuniUITests;
			sourceTree = "<group>";
		};
		32A5E6F82A557A2000B41644 /* Model */ = {
			isa = PBXGroup;
			children = (
				1017E3012A9C77BA00254EFD /* APIManager.swift */,
				1017E2EF2A9B30EA00254EFD /* Home */,
				327517342A9B7622008A8B97 /* Login */,
				10E125B82A8DE58F00A2805C /* Community */,
				10E125B72A8DE57A00A2805C /* Dentist */,
			);
			path = Model;
			sourceTree = "<group>";
		};
		32A5E6F92A557A2B00B41644 /* View */ = {
			isa = PBXGroup;
			children = (
				10E125B92A8DEA8B00A2805C /* Home */,
				10E125B62A8DE4BF00A2805C /* Community */,
				10E125B52A8DE42C00A2805C /* Dentist */,
				32EB16DF2A82627D0050F45F /* MyPage */,
				32A5E6CE2A557A1800B41644 /* Main.storyboard */,
				32A5E6D32A557A1900B41644 /* LaunchScreen.storyboard */,
				1026BF422A5A94E600955799 /* Home.storyboard */,
				1026BF462A5A98CB00955799 /* Info.storyboard */,
				1026BF482A5A998600955799 /* Community.storyboard */,
				321B896C2A602AA500AE45D4 /* Login.storyboard */,
				32EB16CB2A6D726E0050F45F /* Profile.storyboard */,
			);
			path = View;
			sourceTree = "<group>";
		};
		32A5E6FA2A557A3500B41644 /* Controller */ = {
			isa = PBXGroup;
			children = (
				32EB16DC2A825EF50050F45F /* MyPage */,
				32EB16CD2A6E374E0050F45F /* Profile */,
				1014A0AF2A6E592500CE8170 /* Community */,
				32EB16BA2A6921E10050F45F /* SignUp */,
				321B896E2A60320B00AE45D4 /* Login */,
				104862532A61ADCB00D2683F /* Home */,
				32A5E6CC2A557A1800B41644 /* ViewController.swift */,
				1026BF402A59A8F000955799 /* TabBarController.swift */,
			);
			path = Controller;
			sourceTree = "<group>";
		};
		32A5E6FB2A557A4500B41644 /* Resource */ = {
			isa = PBXGroup;
			children = (
				32A5E6FC2A557A6800B41644 /* Fonts */,
				32A5E6C82A557A1800B41644 /* AppDelegate.swift */,
				32A5E6CA2A557A1800B41644 /* SceneDelegate.swift */,
				32A5E6D12A557A1900B41644 /* Assets.xcassets */,
			);
			path = Resource;
			sourceTree = "<group>";
		};
		32A5E6FC2A557A6800B41644 /* Fonts */ = {
			isa = PBXGroup;
			children = (
				32A5E6FD2A557A7700B41644 /* Pretendard-Bold.otf */,
				32A5E6FF2A557A7D00B41644 /* Pretendard-SemiBold.otf */,
				32A5E7012A557A8500B41644 /* Pretendard-Medium.otf */,
				32A5E7032A557A9E00B41644 /* Pretendard-Regular.ttf */,
				32A5E7052A557AAA00B41644 /* Inter-VariableFont_slnt,wght.ttf */,
				327394402A876370001A739E /* FontManager.swift */,
			);
			path = Fonts;
			sourceTree = "<group>";
		};
		32EB16BA2A6921E10050F45F /* SignUp */ = {
			isa = PBXGroup;
			children = (
				32B5FE072A6654C300DBC993 /* SignUpViewController.swift */,
				32EB16BB2A6922430050F45F /* EmailAuthViewController.swift */,
				32EB16BF2A6A26660050F45F /* ConfirmPWViewController.swift */,
				32EB16C32A6BF3830050F45F /* TermsOfServiceViewController.swift */,
			);
			path = SignUp;
			sourceTree = "<group>";
		};
		32EB16CD2A6E374E0050F45F /* Profile */ = {
			isa = PBXGroup;
			children = (
				32EB16CE2A6E37BA0050F45F /* profileGuideViewController.swift */,
				32EB16D22A6E3F850050F45F /* NicknameSettingViewController.swift */,
				32EB16D42A6E4AB80050F45F /* DetailedProfileSettingViewController.swift */,
				32EB16D82A77CEDE0050F45F /* ProfileNavigationController.swift */,
				32EB16DA2A77D0610050F45F /* WelcomeProfileViewController.swift */,
			);
			path = Profile;
			sourceTree = "<group>";
		};
		32EB16DC2A825EF50050F45F /* MyPage */ = {
			isa = PBXGroup;
			children = (
				3B9CB7192A5C528500AC56D0 /* InfoViewController.swift */,
				32EB16DD2A825F0A0050F45F /* MyPageViewController.swift */,
			);
			path = MyPage;
			sourceTree = "<group>";
		};
		32EB16DF2A82627D0050F45F /* MyPage */ = {
			isa = PBXGroup;
			children = (
				1026BF4A2A5A9D6400955799 /* Mypage.storyboard */,
				32EB16E02A8262A70050F45F /* MyPageMainView.swift */,
				32EB16E22A8291DE0050F45F /* MyInfoView.swift */,
				32EB16E62A8341D80050F45F /* ChangingNicknameView.swift */,
				32EB16E82A8358E50050F45F /* ChangingAgeView.swift */,
				32EB16EC2A8378AF0050F45F /* NumberAuthHalfSheet.swift */,
				32BEFC412A83B74D00D11792 /* ChangingNumberAuthView.swift */,
				327394362A8752AB001A739E /* SavedListView.swift */,
				327394382A875741001A739E /* PostHistroyView.swift */,
				3273943A2A875769001A739E /* ReservationHIstoryView.swift */,
				3273943C2A8757A6001A739E /* PointView.swift */,
				3273943E2A8757E9001A739E /* CustomerServiceView.swift */,
				32FC442D2A8E01FB00505C99 /* SettingView.swift */,
				32FC442F2A8E0C6A00505C99 /* AccountInfoView.swift */,
				32FC44312A8E0CC800505C99 /* AlarmSettingView.swift */,
				32FC44332A8E0CE600505C99 /* PrivacyPolicyView.swift */,
				32FC44352A8E0D1C00505C99 /* DeletingAccountView.swift */,
				328254942A9223C900F9428C /* ChangingPasswordView.swift */,
			);
			path = MyPage;
			sourceTree = "<group>";
		};
/* End PBXGroup section */

/* Begin PBXNativeTarget section */
		32A5E6C42A557A1800B41644 /* Bareuni */ = {
			isa = PBXNativeTarget;
			buildConfigurationList = 32A5E6EF2A557A1900B41644 /* Build configuration list for PBXNativeTarget "Bareuni" */;
			buildPhases = (
				32A5E6C12A557A1800B41644 /* Sources */,
				32A5E6C22A557A1800B41644 /* Frameworks */,
				32A5E6C32A557A1800B41644 /* Resources */,
			);
			buildRules = (
			);
			dependencies = (
			);
			name = Bareuni;
			packageProductDependencies = (
				3B5AF6502A708F2900A94BF1 /* BSImagePicker */,
				328DDE9E2A8E1F64006B82EF /* Alamofire */,
				1017E2F92A9C777D00254EFD /* CombineMoya */,
				1017E2FB2A9C777D00254EFD /* Moya */,
				1017E2FD2A9C777D00254EFD /* ReactiveMoya */,
				1017E2FF2A9C777D00254EFD /* RxMoya */,
				3275173A2A9C8E42008A8B97 /* KeychainSwift */,
			);
			productName = Bareuni;
			productReference = 32A5E6C52A557A1800B41644 /* Bareuni.app */;
			productType = "com.apple.product-type.application";
		};
		32A5E6DA2A557A1900B41644 /* BareuniTests */ = {
			isa = PBXNativeTarget;
			buildConfigurationList = 32A5E6F22A557A1900B41644 /* Build configuration list for PBXNativeTarget "BareuniTests" */;
			buildPhases = (
				32A5E6D72A557A1900B41644 /* Sources */,
				32A5E6D82A557A1900B41644 /* Frameworks */,
				32A5E6D92A557A1900B41644 /* Resources */,
			);
			buildRules = (
			);
			dependencies = (
				32A5E6DD2A557A1900B41644 /* PBXTargetDependency */,
			);
			name = BareuniTests;
			productName = BareuniTests;
			productReference = 32A5E6DB2A557A1900B41644 /* BareuniTests.xctest */;
			productType = "com.apple.product-type.bundle.unit-test";
		};
		32A5E6E42A557A1900B41644 /* BareuniUITests */ = {
			isa = PBXNativeTarget;
			buildConfigurationList = 32A5E6F52A557A1900B41644 /* Build configuration list for PBXNativeTarget "BareuniUITests" */;
			buildPhases = (
				32A5E6E12A557A1900B41644 /* Sources */,
				32A5E6E22A557A1900B41644 /* Frameworks */,
				32A5E6E32A557A1900B41644 /* Resources */,
			);
			buildRules = (
			);
			dependencies = (
				32A5E6E72A557A1900B41644 /* PBXTargetDependency */,
			);
			name = BareuniUITests;
			productName = BareuniUITests;
			productReference = 32A5E6E52A557A1900B41644 /* BareuniUITests.xctest */;
			productType = "com.apple.product-type.bundle.ui-testing";
		};
/* End PBXNativeTarget section */

/* Begin PBXProject section */
		32A5E6BD2A557A1800B41644 /* Project object */ = {
			isa = PBXProject;
			attributes = {
				BuildIndependentTargetsInParallel = 1;
				LastSwiftUpdateCheck = 1400;
				LastUpgradeCheck = 1400;
				TargetAttributes = {
					32A5E6C42A557A1800B41644 = {
						CreatedOnToolsVersion = 14.0;
					};
					32A5E6DA2A557A1900B41644 = {
						CreatedOnToolsVersion = 14.0;
						TestTargetID = 32A5E6C42A557A1800B41644;
					};
					32A5E6E42A557A1900B41644 = {
						CreatedOnToolsVersion = 14.0;
						TestTargetID = 32A5E6C42A557A1800B41644;
					};
				};
			};
			buildConfigurationList = 32A5E6C02A557A1800B41644 /* Build configuration list for PBXProject "Bareuni" */;
			compatibilityVersion = "Xcode 14.0";
			developmentRegion = en;
			hasScannedForEncodings = 0;
			knownRegions = (
				en,
				Base,
			);
			mainGroup = 32A5E6BC2A557A1800B41644;
			packageReferences = (
				3B5AF64F2A708F2900A94BF1 /* XCRemoteSwiftPackageReference "BSImagePicker" */,
				328DDE9D2A8E1F64006B82EF /* XCRemoteSwiftPackageReference "Alamofire" */,
				1017E2F82A9C777D00254EFD /* XCRemoteSwiftPackageReference "Moya" */,
				327517392A9C8E42008A8B97 /* XCRemoteSwiftPackageReference "keychain-swift" */,
			);
			productRefGroup = 32A5E6C62A557A1800B41644 /* Products */;
			projectDirPath = "";
			projectRoot = "";
			targets = (
				32A5E6C42A557A1800B41644 /* Bareuni */,
				32A5E6DA2A557A1900B41644 /* BareuniTests */,
				32A5E6E42A557A1900B41644 /* BareuniUITests */,
			);
		};
/* End PBXProject section */

/* Begin PBXResourcesBuildPhase section */
		32A5E6C32A557A1800B41644 /* Resources */ = {
			isa = PBXResourcesBuildPhase;
			buildActionMask = 2147483647;
			files = (
				32A5E6D52A557A1900B41644 /* LaunchScreen.storyboard in Resources */,
				32A5E7042A557A9E00B41644 /* Pretendard-Regular.ttf in Resources */,
				32A5E6FE2A557A7700B41644 /* Pretendard-Bold.otf in Resources */,
				1026BF432A5A94E600955799 /* Home.storyboard in Resources */,
				1026BF492A5A998600955799 /* Community.storyboard in Resources */,
				32A5E7002A557A7D00B41644 /* Pretendard-SemiBold.otf in Resources */,
				32A5E7062A557AAA00B41644 /* Inter-VariableFont_slnt,wght.ttf in Resources */,
				1026BF4B2A5A9D6400955799 /* Mypage.storyboard in Resources */,
				32A5E6D22A557A1900B41644 /* Assets.xcassets in Resources */,
				32A5E6D02A557A1800B41644 /* Main.storyboard in Resources */,
				1026BF472A5A98CB00955799 /* Info.storyboard in Resources */,
				32A5E7022A557A8500B41644 /* Pretendard-Medium.otf in Resources */,
				32EB16CC2A6D726E0050F45F /* Profile.storyboard in Resources */,
				321B896D2A602AA500AE45D4 /* Login.storyboard in Resources */,
			);
			runOnlyForDeploymentPostprocessing = 0;
		};
		32A5E6D92A557A1900B41644 /* Resources */ = {
			isa = PBXResourcesBuildPhase;
			buildActionMask = 2147483647;
			files = (
			);
			runOnlyForDeploymentPostprocessing = 0;
		};
		32A5E6E32A557A1900B41644 /* Resources */ = {
			isa = PBXResourcesBuildPhase;
			buildActionMask = 2147483647;
			files = (
			);
			runOnlyForDeploymentPostprocessing = 0;
		};
/* End PBXResourcesBuildPhase section */

/* Begin PBXSourcesBuildPhase section */
		32A5E6C12A557A1800B41644 /* Sources */ = {
			isa = PBXSourcesBuildPhase;
			buildActionMask = 2147483647;
			files = (
				32EB16E72A8341D80050F45F /* ChangingNicknameView.swift in Sources */,
				10AB8CE52A851E4A009B594E /* PostViewModel.swift in Sources */,
				32EB16E72A8341D80050F45F /* ChangingNicknameView.swift in Sources */,
				10AEE93D2A70FCD7005833CE /* TalkView.swift in Sources */,
				1052C3ED2A6701EC00CD6508 /* DentistData.swift in Sources */,
				3BCB5BB22A8E1C4A00F58C50 /* DentistModel2.swift in Sources */,
				10AB8CE32A851CC8009B594E /* PostModel.swift in Sources */,
				10AEE93D2A70FCD7005833CE /* TalkView.swift in Sources */,
				1052C3ED2A6701EC00CD6508 /* DentistData.swift in Sources */,
				32FC44302A8E0C6A00505C99 /* AccountInfoView.swift in Sources */,
				3273943B2A875769001A739E /* ReservationHIstoryView.swift in Sources */,
				3BCB5BB02A8E12C700F58C50 /* HiddenTabBarTest.swift in Sources */,
				10AB8CE32A851CC8009B594E /* PostModel.swift in Sources */,
				3BB0ACE42A5D3C060071D598 /* TestView.swift in Sources */,
				1026BF4D2A5AA5C700955799 /* HomeViewController.swift in Sources */,
				32EB16E92A8358E50050F45F /* ChangingAgeView.swift in Sources */,
				3BCB5C322A9C5CFD00F58C50 /* APITestView.swift in Sources */,
				32B5FE022A663AEC00DBC993 /* LoginUINavigationController.swift in Sources */,
				32EB16C42A6BF3830050F45F /* TermsOfServiceViewController.swift in Sources */,
				1052C3EF2A6702B400CD6508 /* DentistTableViewCell.swift in Sources */,
				327394392A875741001A739E /* PostHistroyView.swift in Sources */,
				102166552A6949ED00DC6351 /* CommunityTableViewCell.swift in Sources */,
				1014A0B32A6E604D00CE8170 /* CommunityMainView.swift in Sources */,
				32EB16E12A8262A70050F45F /* MyPageMainView.swift in Sources */,
				3BCB5BB42A946B3900F58C50 /* ReviewModel.swift in Sources */,
				1017E2F12A9B312800254EFD /* BestDentistModel.swift in Sources */,
				32EB16CF2A6E37BA0050F45F /* profileGuideViewController.swift in Sources */,
				1017E3042A9C794B00254EFD /* BestDentistViewModel.swift in Sources */,
				32FC442E2A8E01FB00505C99 /* SettingView.swift in Sources */,
				3273943D2A8757A6001A739E /* PointView.swift in Sources */,
				32A5E6CD2A557A1800B41644 /* ViewController.swift in Sources */,
				1017E3022A9C77BA00254EFD /* APIManager.swift in Sources */,
				32EB16D32A6E3F850050F45F /* NicknameSettingViewController.swift in Sources */,
				3BB0ACEA2A6685780071D598 /* DentistModel.swift in Sources */,
				3B5AF6532A7095F600A94BF1 /* TestView2.swift in Sources */,
				1014A0B52A6E61C500CE8170 /* CommunityViewController.swift in Sources */,
				10AEE93F2A70FD03005833CE /* FAQView.swift in Sources */,
				327517382A9C4E24008A8B97 /* DataModel.swift in Sources */,
				10E125BB2A8DEAA000A2805C /* HomeView.swift in Sources */,
				3BCB5C282A9C56CE00F58C50 /* MoyaAPIManager.swift in Sources */,
				3BCB5BB62A9470B200F58C50 /* ReviewViewModel.swift in Sources */,
				3BCB5B722A83E96700F58C50 /* CityDictionary.swift in Sources */,
				3BCB5C672A9C835100F58C50 /* RecommendDentistModel.swift in Sources */,
				32EB16BC2A6922430050F45F /* EmailAuthViewController.swift in Sources */,
				3BB0ACE82A657FEE0071D598 /* InfoView.swift in Sources */,
				1026BF412A59A8F000955799 /* TabBarController.swift in Sources */,
				32EB16ED2A8378AF0050F45F /* NumberAuthHalfSheet.swift in Sources */,
				32EB16DE2A825F0A0050F45F /* MyPageViewController.swift in Sources */,
				32B5FE062A66423D00DBC993 /* FindPWViewController.swift in Sources */,
				3B3142542AA31C100000F2C1 /* NearDentistViewModel.swift in Sources */,
				32B5FE082A6654C300DBC993 /* SignUpViewController.swift in Sources */,
				3B5AF6552A72B5B000A94BF1 /* ConsultingView.swift in Sources */,
				327394412A876370001A739E /* FontManager.swift in Sources */,
				32EB16D52A6E4AB80050F45F /* DetailedProfileSettingViewController.swift in Sources */,
				321B89722A60351E00AE45D4 /* loginViewController.swift in Sources */,
				32A5E6C92A557A1800B41644 /* AppDelegate.swift in Sources */,
				32FC44322A8E0CC800505C99 /* AlarmSettingView.swift in Sources */,
				10AB8CE72A85216D009B594E /* WritePostView.swift in Sources */,
				10DD90CB2A9C935300E161A2 /* BestCommunityModel.swift in Sources */,
				3BB0ACEC2A6685AA0071D598 /* DentistViewModel.swift in Sources */,
				3BB0ACF02A6A17C00071D598 /* WriteView.swift in Sources */,
				1026BF4F2A5AAC4700955799 /* HomeNavigationController.swift in Sources */,
				3BCB5B6E2A82A22700F58C50 /* DateValue.swift in Sources */,
				328254952A9223C900F9428C /* ChangingPasswordView.swift in Sources */,
				10DD90CD2A9C943300E161A2 /* BestCommunityViewModel.swift in Sources */,
				102166532A69492A00DC6351 /* CommunityData.swift in Sources */,
				10AB8CE92A8521A3009B594E /* CommentModel.swift in Sources */,
				32FC44342A8E0CE600505C99 /* PrivacyPolicyView.swift in Sources */,
				32BEFC422A83B74D00D11792 /* ChangingNumberAuthView.swift in Sources */,
				32FC44362A8E0D1C00505C99 /* DeletingAccountView.swift in Sources */,
				32EB16DB2A77D0610050F45F /* WelcomeProfileViewController.swift in Sources */,
				32EB16E32A8291DE0050F45F /* MyInfoView.swift in Sources */,
				3273943F2A8757E9001A739E /* CustomerServiceView.swift in Sources */,
				32EB16D92A77CEDE0050F45F /* ProfileNavigationController.swift in Sources */,
				10AB8CE92A8521A3009B594E /* CommentModel.swift in Sources */,
				32EB16C02A6A26660050F45F /* ConfirmPWViewController.swift in Sources */,
				32A5E6CB2A557A1800B41644 /* SceneDelegate.swift in Sources */,
				327517362A9B7642008A8B97 /* LoginAPI.swift in Sources */,
				3B3142582AA323B80000F2C1 /* DetailDentistViewModel.swift in Sources */,
				321B89702A60333F00AE45D4 /* loginSelectionViewController.swift in Sources */,
				3BCB5B702A82A70E00F58C50 /* TestView3.swift in Sources */,
				3B9CB71A2A5C528500AC56D0 /* InfoViewController.swift in Sources */,
				10C82FE12A76764C00ADF34E /* PostView.swift in Sources */,
				3B3142562AA323B10000F2C1 /* DetailDentistModel.swift in Sources */,
				3B9CB7182A5C508600AC56D0 /* ContentView.swift in Sources */,
				3BCB5BB82A949F1F00F58C50 /* TestView4.swift in Sources */,
				327394372A8752AB001A739E /* SavedListView.swift in Sources */,
				3B3142382AA3185A0000F2C1 /* NearDentistModel.swift in Sources */,
				3BCB5C662A9C835100F58C50 /* RecommendDentistViewModel.swift in Sources */,
			);
			runOnlyForDeploymentPostprocessing = 0;
		};
		32A5E6D72A557A1900B41644 /* Sources */ = {
			isa = PBXSourcesBuildPhase;
			buildActionMask = 2147483647;
			files = (
				32A5E6E02A557A1900B41644 /* BareuniTests.swift in Sources */,
			);
			runOnlyForDeploymentPostprocessing = 0;
		};
		32A5E6E12A557A1900B41644 /* Sources */ = {
			isa = PBXSourcesBuildPhase;
			buildActionMask = 2147483647;
			files = (
				32A5E6EA2A557A1900B41644 /* BareuniUITests.swift in Sources */,
				32A5E6EC2A557A1900B41644 /* BareuniUITestsLaunchTests.swift in Sources */,
			);
			runOnlyForDeploymentPostprocessing = 0;
		};
/* End PBXSourcesBuildPhase section */

/* Begin PBXTargetDependency section */
		32A5E6DD2A557A1900B41644 /* PBXTargetDependency */ = {
			isa = PBXTargetDependency;
			target = 32A5E6C42A557A1800B41644 /* Bareuni */;
			targetProxy = 32A5E6DC2A557A1900B41644 /* PBXContainerItemProxy */;
		};
		32A5E6E72A557A1900B41644 /* PBXTargetDependency */ = {
			isa = PBXTargetDependency;
			target = 32A5E6C42A557A1800B41644 /* Bareuni */;
			targetProxy = 32A5E6E62A557A1900B41644 /* PBXContainerItemProxy */;
		};
/* End PBXTargetDependency section */

/* Begin PBXVariantGroup section */
		32A5E6CE2A557A1800B41644 /* Main.storyboard */ = {
			isa = PBXVariantGroup;
			children = (
				32A5E6CF2A557A1800B41644 /* Base */,
			);
			name = Main.storyboard;
			sourceTree = "<group>";
		};
		32A5E6D32A557A1900B41644 /* LaunchScreen.storyboard */ = {
			isa = PBXVariantGroup;
			children = (
				32A5E6D42A557A1900B41644 /* Base */,
			);
			name = LaunchScreen.storyboard;
			sourceTree = "<group>";
		};
/* End PBXVariantGroup section */

/* Begin XCBuildConfiguration section */
		32A5E6ED2A557A1900B41644 /* Debug */ = {
			isa = XCBuildConfiguration;
			buildSettings = {
				ALWAYS_SEARCH_USER_PATHS = NO;
				CLANG_ANALYZER_NONNULL = YES;
				CLANG_ANALYZER_NUMBER_OBJECT_CONVERSION = YES_AGGRESSIVE;
				CLANG_CXX_LANGUAGE_STANDARD = "gnu++20";
				CLANG_ENABLE_MODULES = YES;
				CLANG_ENABLE_OBJC_ARC = YES;
				CLANG_ENABLE_OBJC_WEAK = YES;
				CLANG_WARN_BLOCK_CAPTURE_AUTORELEASING = YES;
				CLANG_WARN_BOOL_CONVERSION = YES;
				CLANG_WARN_COMMA = YES;
				CLANG_WARN_CONSTANT_CONVERSION = YES;
				CLANG_WARN_DEPRECATED_OBJC_IMPLEMENTATIONS = YES;
				CLANG_WARN_DIRECT_OBJC_ISA_USAGE = YES_ERROR;
				CLANG_WARN_DOCUMENTATION_COMMENTS = YES;
				CLANG_WARN_EMPTY_BODY = YES;
				CLANG_WARN_ENUM_CONVERSION = YES;
				CLANG_WARN_INFINITE_RECURSION = YES;
				CLANG_WARN_INT_CONVERSION = YES;
				CLANG_WARN_NON_LITERAL_NULL_CONVERSION = YES;
				CLANG_WARN_OBJC_IMPLICIT_RETAIN_SELF = YES;
				CLANG_WARN_OBJC_LITERAL_CONVERSION = YES;
				CLANG_WARN_OBJC_ROOT_CLASS = YES_ERROR;
				CLANG_WARN_QUOTED_INCLUDE_IN_FRAMEWORK_HEADER = YES;
				CLANG_WARN_RANGE_LOOP_ANALYSIS = YES;
				CLANG_WARN_STRICT_PROTOTYPES = YES;
				CLANG_WARN_SUSPICIOUS_MOVE = YES;
				CLANG_WARN_UNGUARDED_AVAILABILITY = YES_AGGRESSIVE;
				CLANG_WARN_UNREACHABLE_CODE = YES;
				CLANG_WARN__DUPLICATE_METHOD_MATCH = YES;
				COPY_PHASE_STRIP = NO;
				DEBUG_INFORMATION_FORMAT = dwarf;
				ENABLE_STRICT_OBJC_MSGSEND = YES;
				ENABLE_TESTABILITY = YES;
				GCC_C_LANGUAGE_STANDARD = gnu11;
				GCC_DYNAMIC_NO_PIC = NO;
				GCC_NO_COMMON_BLOCKS = YES;
				GCC_OPTIMIZATION_LEVEL = 0;
				GCC_PREPROCESSOR_DEFINITIONS = (
					"DEBUG=1",
					"$(inherited)",
				);
				GCC_WARN_64_TO_32_BIT_CONVERSION = YES;
				GCC_WARN_ABOUT_RETURN_TYPE = YES_ERROR;
				GCC_WARN_UNDECLARED_SELECTOR = YES;
				GCC_WARN_UNINITIALIZED_AUTOS = YES_AGGRESSIVE;
				GCC_WARN_UNUSED_FUNCTION = YES;
				GCC_WARN_UNUSED_VARIABLE = YES;
				IPHONEOS_DEPLOYMENT_TARGET = 16.0;
				MTL_ENABLE_DEBUG_INFO = INCLUDE_SOURCE;
				MTL_FAST_MATH = YES;
				ONLY_ACTIVE_ARCH = YES;
				SDKROOT = iphoneos;
				SWIFT_ACTIVE_COMPILATION_CONDITIONS = DEBUG;
				SWIFT_OPTIMIZATION_LEVEL = "-Onone";
			};
			name = Debug;
		};
		32A5E6EE2A557A1900B41644 /* Release */ = {
			isa = XCBuildConfiguration;
			buildSettings = {
				ALWAYS_SEARCH_USER_PATHS = NO;
				CLANG_ANALYZER_NONNULL = YES;
				CLANG_ANALYZER_NUMBER_OBJECT_CONVERSION = YES_AGGRESSIVE;
				CLANG_CXX_LANGUAGE_STANDARD = "gnu++20";
				CLANG_ENABLE_MODULES = YES;
				CLANG_ENABLE_OBJC_ARC = YES;
				CLANG_ENABLE_OBJC_WEAK = YES;
				CLANG_WARN_BLOCK_CAPTURE_AUTORELEASING = YES;
				CLANG_WARN_BOOL_CONVERSION = YES;
				CLANG_WARN_COMMA = YES;
				CLANG_WARN_CONSTANT_CONVERSION = YES;
				CLANG_WARN_DEPRECATED_OBJC_IMPLEMENTATIONS = YES;
				CLANG_WARN_DIRECT_OBJC_ISA_USAGE = YES_ERROR;
				CLANG_WARN_DOCUMENTATION_COMMENTS = YES;
				CLANG_WARN_EMPTY_BODY = YES;
				CLANG_WARN_ENUM_CONVERSION = YES;
				CLANG_WARN_INFINITE_RECURSION = YES;
				CLANG_WARN_INT_CONVERSION = YES;
				CLANG_WARN_NON_LITERAL_NULL_CONVERSION = YES;
				CLANG_WARN_OBJC_IMPLICIT_RETAIN_SELF = YES;
				CLANG_WARN_OBJC_LITERAL_CONVERSION = YES;
				CLANG_WARN_OBJC_ROOT_CLASS = YES_ERROR;
				CLANG_WARN_QUOTED_INCLUDE_IN_FRAMEWORK_HEADER = YES;
				CLANG_WARN_RANGE_LOOP_ANALYSIS = YES;
				CLANG_WARN_STRICT_PROTOTYPES = YES;
				CLANG_WARN_SUSPICIOUS_MOVE = YES;
				CLANG_WARN_UNGUARDED_AVAILABILITY = YES_AGGRESSIVE;
				CLANG_WARN_UNREACHABLE_CODE = YES;
				CLANG_WARN__DUPLICATE_METHOD_MATCH = YES;
				COPY_PHASE_STRIP = NO;
				DEBUG_INFORMATION_FORMAT = "dwarf-with-dsym";
				ENABLE_NS_ASSERTIONS = NO;
				ENABLE_STRICT_OBJC_MSGSEND = YES;
				GCC_C_LANGUAGE_STANDARD = gnu11;
				GCC_NO_COMMON_BLOCKS = YES;
				GCC_WARN_64_TO_32_BIT_CONVERSION = YES;
				GCC_WARN_ABOUT_RETURN_TYPE = YES_ERROR;
				GCC_WARN_UNDECLARED_SELECTOR = YES;
				GCC_WARN_UNINITIALIZED_AUTOS = YES_AGGRESSIVE;
				GCC_WARN_UNUSED_FUNCTION = YES;
				GCC_WARN_UNUSED_VARIABLE = YES;
				IPHONEOS_DEPLOYMENT_TARGET = 16.0;
				MTL_ENABLE_DEBUG_INFO = NO;
				MTL_FAST_MATH = YES;
				SDKROOT = iphoneos;
				SWIFT_COMPILATION_MODE = wholemodule;
				SWIFT_OPTIMIZATION_LEVEL = "-O";
				VALIDATE_PRODUCT = YES;
			};
			name = Release;
		};
		32A5E6F02A557A1900B41644 /* Debug */ = {
			isa = XCBuildConfiguration;
			buildSettings = {
				ASSETCATALOG_COMPILER_APPICON_NAME = AppIcon;
				ASSETCATALOG_COMPILER_GLOBAL_ACCENT_COLOR_NAME = AccentColor;
				CODE_SIGN_STYLE = Automatic;
				CURRENT_PROJECT_VERSION = 1;
				DEVELOPMENT_TEAM = 9R3T6AUA7X;
				GENERATE_INFOPLIST_FILE = YES;
				INFOPLIST_FILE = Bareuni/Info.plist;
				INFOPLIST_KEY_UIApplicationSupportsIndirectInputEvents = YES;
				INFOPLIST_KEY_UILaunchStoryboardName = LaunchScreen;
				INFOPLIST_KEY_UIMainStoryboardFile = Main;
				INFOPLIST_KEY_UISupportedInterfaceOrientations_iPad = "UIInterfaceOrientationPortrait UIInterfaceOrientationPortraitUpsideDown UIInterfaceOrientationLandscapeLeft UIInterfaceOrientationLandscapeRight";
				INFOPLIST_KEY_UISupportedInterfaceOrientations_iPhone = "UIInterfaceOrientationPortrait UIInterfaceOrientationLandscapeLeft UIInterfaceOrientationLandscapeRight";
				LD_RUNPATH_SEARCH_PATHS = (
					"$(inherited)",
					"@executable_path/Frameworks",
				);
				MARKETING_VERSION = 1.0;
				PRODUCT_BUNDLE_IDENTIFIER = com.bareuni.Bareuni;
				PRODUCT_NAME = "$(TARGET_NAME)";
				SWIFT_EMIT_LOC_STRINGS = YES;
				SWIFT_VERSION = 5.0;
				TARGETED_DEVICE_FAMILY = "1,2";
			};
			name = Debug;
		};
		32A5E6F12A557A1900B41644 /* Release */ = {
			isa = XCBuildConfiguration;
			buildSettings = {
				ASSETCATALOG_COMPILER_APPICON_NAME = AppIcon;
				ASSETCATALOG_COMPILER_GLOBAL_ACCENT_COLOR_NAME = AccentColor;
				CODE_SIGN_STYLE = Automatic;
				CURRENT_PROJECT_VERSION = 1;
				DEVELOPMENT_TEAM = 9R3T6AUA7X;
				GENERATE_INFOPLIST_FILE = YES;
				INFOPLIST_FILE = Bareuni/Info.plist;
				INFOPLIST_KEY_UIApplicationSupportsIndirectInputEvents = YES;
				INFOPLIST_KEY_UILaunchStoryboardName = LaunchScreen;
				INFOPLIST_KEY_UIMainStoryboardFile = Main;
				INFOPLIST_KEY_UISupportedInterfaceOrientations_iPad = "UIInterfaceOrientationPortrait UIInterfaceOrientationPortraitUpsideDown UIInterfaceOrientationLandscapeLeft UIInterfaceOrientationLandscapeRight";
				INFOPLIST_KEY_UISupportedInterfaceOrientations_iPhone = "UIInterfaceOrientationPortrait UIInterfaceOrientationLandscapeLeft UIInterfaceOrientationLandscapeRight";
				LD_RUNPATH_SEARCH_PATHS = (
					"$(inherited)",
					"@executable_path/Frameworks",
				);
				MARKETING_VERSION = 1.0;
				PRODUCT_BUNDLE_IDENTIFIER = com.bareuni.Bareuni;
				PRODUCT_NAME = "$(TARGET_NAME)";
				SWIFT_EMIT_LOC_STRINGS = YES;
				SWIFT_VERSION = 5.0;
				TARGETED_DEVICE_FAMILY = "1,2";
			};
			name = Release;
		};
		32A5E6F32A557A1900B41644 /* Debug */ = {
			isa = XCBuildConfiguration;
			buildSettings = {
				ALWAYS_EMBED_SWIFT_STANDARD_LIBRARIES = YES;
				BUNDLE_LOADER = "$(TEST_HOST)";
				CODE_SIGN_STYLE = Automatic;
				CURRENT_PROJECT_VERSION = 1;
				GENERATE_INFOPLIST_FILE = YES;
				IPHONEOS_DEPLOYMENT_TARGET = 16.0;
				MARKETING_VERSION = 1.0;
				PRODUCT_BUNDLE_IDENTIFIER = com.bareuni.BareuniTests;
				PRODUCT_NAME = "$(TARGET_NAME)";
				SWIFT_EMIT_LOC_STRINGS = NO;
				SWIFT_VERSION = 5.0;
				TARGETED_DEVICE_FAMILY = "1,2";
				TEST_HOST = "$(BUILT_PRODUCTS_DIR)/Bareuni.app/$(BUNDLE_EXECUTABLE_FOLDER_PATH)/Bareuni";
			};
			name = Debug;
		};
		32A5E6F42A557A1900B41644 /* Release */ = {
			isa = XCBuildConfiguration;
			buildSettings = {
				ALWAYS_EMBED_SWIFT_STANDARD_LIBRARIES = YES;
				BUNDLE_LOADER = "$(TEST_HOST)";
				CODE_SIGN_STYLE = Automatic;
				CURRENT_PROJECT_VERSION = 1;
				GENERATE_INFOPLIST_FILE = YES;
				IPHONEOS_DEPLOYMENT_TARGET = 16.0;
				MARKETING_VERSION = 1.0;
				PRODUCT_BUNDLE_IDENTIFIER = com.bareuni.BareuniTests;
				PRODUCT_NAME = "$(TARGET_NAME)";
				SWIFT_EMIT_LOC_STRINGS = NO;
				SWIFT_VERSION = 5.0;
				TARGETED_DEVICE_FAMILY = "1,2";
				TEST_HOST = "$(BUILT_PRODUCTS_DIR)/Bareuni.app/$(BUNDLE_EXECUTABLE_FOLDER_PATH)/Bareuni";
			};
			name = Release;
		};
		32A5E6F62A557A1900B41644 /* Debug */ = {
			isa = XCBuildConfiguration;
			buildSettings = {
				ALWAYS_EMBED_SWIFT_STANDARD_LIBRARIES = YES;
				CODE_SIGN_STYLE = Automatic;
				CURRENT_PROJECT_VERSION = 1;
				GENERATE_INFOPLIST_FILE = YES;
				MARKETING_VERSION = 1.0;
				PRODUCT_BUNDLE_IDENTIFIER = com.bareuni.BareuniUITests;
				PRODUCT_NAME = "$(TARGET_NAME)";
				SWIFT_EMIT_LOC_STRINGS = NO;
				SWIFT_VERSION = 5.0;
				TARGETED_DEVICE_FAMILY = "1,2";
				TEST_TARGET_NAME = Bareuni;
			};
			name = Debug;
		};
		32A5E6F72A557A1900B41644 /* Release */ = {
			isa = XCBuildConfiguration;
			buildSettings = {
				ALWAYS_EMBED_SWIFT_STANDARD_LIBRARIES = YES;
				CODE_SIGN_STYLE = Automatic;
				CURRENT_PROJECT_VERSION = 1;
				GENERATE_INFOPLIST_FILE = YES;
				MARKETING_VERSION = 1.0;
				PRODUCT_BUNDLE_IDENTIFIER = com.bareuni.BareuniUITests;
				PRODUCT_NAME = "$(TARGET_NAME)";
				SWIFT_EMIT_LOC_STRINGS = NO;
				SWIFT_VERSION = 5.0;
				TARGETED_DEVICE_FAMILY = "1,2";
				TEST_TARGET_NAME = Bareuni;
			};
			name = Release;
		};
/* End XCBuildConfiguration section */

/* Begin XCConfigurationList section */
		32A5E6C02A557A1800B41644 /* Build configuration list for PBXProject "Bareuni" */ = {
			isa = XCConfigurationList;
			buildConfigurations = (
				32A5E6ED2A557A1900B41644 /* Debug */,
				32A5E6EE2A557A1900B41644 /* Release */,
			);
			defaultConfigurationIsVisible = 0;
			defaultConfigurationName = Release;
		};
		32A5E6EF2A557A1900B41644 /* Build configuration list for PBXNativeTarget "Bareuni" */ = {
			isa = XCConfigurationList;
			buildConfigurations = (
				32A5E6F02A557A1900B41644 /* Debug */,
				32A5E6F12A557A1900B41644 /* Release */,
			);
			defaultConfigurationIsVisible = 0;
			defaultConfigurationName = Release;
		};
		32A5E6F22A557A1900B41644 /* Build configuration list for PBXNativeTarget "BareuniTests" */ = {
			isa = XCConfigurationList;
			buildConfigurations = (
				32A5E6F32A557A1900B41644 /* Debug */,
				32A5E6F42A557A1900B41644 /* Release */,
			);
			defaultConfigurationIsVisible = 0;
			defaultConfigurationName = Release;
		};
		32A5E6F52A557A1900B41644 /* Build configuration list for PBXNativeTarget "BareuniUITests" */ = {
			isa = XCConfigurationList;
			buildConfigurations = (
				32A5E6F62A557A1900B41644 /* Debug */,
				32A5E6F72A557A1900B41644 /* Release */,
			);
			defaultConfigurationIsVisible = 0;
			defaultConfigurationName = Release;
		};
/* End XCConfigurationList section */

/* Begin XCRemoteSwiftPackageReference section */
		1017E2F82A9C777D00254EFD /* XCRemoteSwiftPackageReference "Moya" */ = {
			isa = XCRemoteSwiftPackageReference;
			repositoryURL = "https://github.com/Moya/Moya.git";
			requirement = {
				kind = upToNextMajorVersion;
				minimumVersion = 15.0.0;
			};
		};
		327517392A9C8E42008A8B97 /* XCRemoteSwiftPackageReference "keychain-swift" */ = {
			isa = XCRemoteSwiftPackageReference;
			repositoryURL = "https://github.com/evgenyneu/keychain-swift";
			requirement = {
				branch = master;
				kind = branch;
			};
		};
		328DDE9D2A8E1F64006B82EF /* XCRemoteSwiftPackageReference "Alamofire" */ = {
			isa = XCRemoteSwiftPackageReference;
			repositoryURL = "https://github.com/Alamofire/Alamofire";
			requirement = {
				kind = upToNextMajorVersion;
				minimumVersion = 5.0.0;
			};
		};
		3B5AF64F2A708F2900A94BF1 /* XCRemoteSwiftPackageReference "BSImagePicker" */ = {
			isa = XCRemoteSwiftPackageReference;
			repositoryURL = "https://github.com/mikaoj/BSImagePicker.git";
			requirement = {
				kind = upToNextMajorVersion;
				minimumVersion = 3.0.0;
			};
		};
/* End XCRemoteSwiftPackageReference section */

/* Begin XCSwiftPackageProductDependency section */
		1017E2F92A9C777D00254EFD /* CombineMoya */ = {
			isa = XCSwiftPackageProductDependency;
			package = 1017E2F82A9C777D00254EFD /* XCRemoteSwiftPackageReference "Moya" */;
			productName = CombineMoya;
		};
		1017E2FB2A9C777D00254EFD /* Moya */ = {
			isa = XCSwiftPackageProductDependency;
			package = 1017E2F82A9C777D00254EFD /* XCRemoteSwiftPackageReference "Moya" */;
			productName = Moya;
		};
		1017E2FD2A9C777D00254EFD /* ReactiveMoya */ = {
			isa = XCSwiftPackageProductDependency;
			package = 1017E2F82A9C777D00254EFD /* XCRemoteSwiftPackageReference "Moya" */;
			productName = ReactiveMoya;
		};
		1017E2FF2A9C777D00254EFD /* RxMoya */ = {
			isa = XCSwiftPackageProductDependency;
			package = 1017E2F82A9C777D00254EFD /* XCRemoteSwiftPackageReference "Moya" */;
			productName = RxMoya;
		};
		3275173A2A9C8E42008A8B97 /* KeychainSwift */ = {
			isa = XCSwiftPackageProductDependency;
			package = 327517392A9C8E42008A8B97 /* XCRemoteSwiftPackageReference "keychain-swift" */;
			productName = KeychainSwift;
		};
		328DDE9E2A8E1F64006B82EF /* Alamofire */ = {
			isa = XCSwiftPackageProductDependency;
			package = 328DDE9D2A8E1F64006B82EF /* XCRemoteSwiftPackageReference "Alamofire" */;
			productName = Alamofire;
		};
		3B5AF6502A708F2900A94BF1 /* BSImagePicker */ = {
			isa = XCSwiftPackageProductDependency;
			package = 3B5AF64F2A708F2900A94BF1 /* XCRemoteSwiftPackageReference "BSImagePicker" */;
			productName = BSImagePicker;
		};
/* End XCSwiftPackageProductDependency section */
	};
	rootObject = 32A5E6BD2A557A1800B41644 /* Project object */;
}
